
Microsoft Visual Studio Solution File, Format Version 12.00
Project("{FAE04EC0-301F-11D3-BF4B-00C04F79EFBC}") = "SherpaFrontEnd.Tests", "SherpaFrontEnd.Tests\SherpaFrontEnd.Tests.csproj", "{B3ABD5CA-E5E6-4811-9378-E08FAD254799}"
EndProject
Project("{FAE04EC0-301F-11D3-BF4B-00C04F79EFBC}") = "SherpaFrontEnd", "SherpaFrontEnd\SherpaFrontEnd.csproj", "{7A1B0503-A457-40E4-885D-3D5000658A33}"
EndProject
Global
	GlobalSection(SolutionConfigurationPlatforms) = preSolution
		Debug|Any CPU = Debug|Any CPU
		Release|Any CPU = Release|Any CPU
	EndGlobalSection
	GlobalSection(ProjectConfigurationPlatforms) = postSolution
		{B3ABD5CA-E5E6-4811-9378-E08FAD254799}.Debug|Any CPU.ActiveCfg = Debug|Any CPU
		{B3ABD5CA-E5E6-4811-9378-E08FAD254799}.Debug|Any CPU.Build.0 = Debug|Any CPU
		{B3ABD5CA-E5E6-4811-9378-E08FAD254799}.Release|Any CPU.ActiveCfg = Release|Any CPU
		{B3ABD5CA-E5E6-4811-9378-E08FAD254799}.Release|Any CPU.Build.0 = Release|Any CPU
		{7A1B0503-A457-40E4-885D-3D5000658A33}.Debug|Any CPU.ActiveCfg = Debug|Any CPU
		{7A1B0503-A457-40E4-885D-3D5000658A33}.Debug|Any CPU.Build.0 = Debug|Any CPU
		{7A1B0503-A457-40E4-885D-3D5000658A33}.Release|Any CPU.ActiveCfg = Release|Any CPU
		{7A1B0503-A457-40E4-885D-3D5000658A33}.Release|Any CPU.Build.0 = Release|Any CPU
	EndGlobalSection
EndGlobal
